// !$*UTF8*$!
{
	archiveVersion = 1;
	classes = {
	};
	objectVersion = 46;
	objects = {

/* Begin PBXBuildFile section */
		C60C261C1DC557DF00A6EE4E /* AppDelegate.swift in Sources */ = {isa = PBXBuildFile; fileRef = C60C261B1DC557DF00A6EE4E /* AppDelegate.swift */; };
		C60C261E1DC557DF00A6EE4E /* ViewController.swift in Sources */ = {isa = PBXBuildFile; fileRef = C60C261D1DC557DF00A6EE4E /* ViewController.swift */; };
		C60C26211DC557DF00A6EE4E /* Main.storyboard in Resources */ = {isa = PBXBuildFile; fileRef = C60C261F1DC557DF00A6EE4E /* Main.storyboard */; };
		C60C26231DC557DF00A6EE4E /* Assets.xcassets in Resources */ = {isa = PBXBuildFile; fileRef = C60C26221DC557DF00A6EE4E /* Assets.xcassets */; };
		C60C26261DC557E000A6EE4E /* LaunchScreen.storyboard in Resources */ = {isa = PBXBuildFile; fileRef = C60C26241DC557E000A6EE4E /* LaunchScreen.storyboard */; };
/* End PBXBuildFile section */

/* Begin PBXFileReference section */
		C60C26181DC557DF00A6EE4E /* meal_finder.app */ = {isa = PBXFileReference; explicitFileType = wrapper.application; includeInIndex = 0; path = meal_finder.app; sourceTree = BUILT_PRODUCTS_DIR; };
		C60C261B1DC557DF00A6EE4E /* AppDelegate.swift */ = {isa = PBXFileReference; lastKnownFileType = sourcecode.swift; path = AppDelegate.swift; sourceTree = "<group>"; };
		C60C261D1DC557DF00A6EE4E /* ViewController.swift */ = {isa = PBXFileReference; lastKnownFileType = sourcecode.swift; path = ViewController.swift; sourceTree = "<group>"; };
		C60C26201DC557DF00A6EE4E /* Base */ = {isa = PBXFileReference; lastKnownFileType = file.storyboard; name = Base; path = Base.lproj/Main.storyboard; sourceTree = "<group>"; };
		C60C26221DC557DF00A6EE4E /* Assets.xcassets */ = {isa = PBXFileReference; lastKnownFileType = folder.assetcatalog; path = Assets.xcassets; sourceTree = "<group>"; };
		C60C26251DC557E000A6EE4E /* Base */ = {isa = PBXFileReference; lastKnownFileType = file.storyboard; name = Base; path = Base.lproj/LaunchScreen.storyboard; sourceTree = "<group>"; };
		C60C26271DC557E000A6EE4E /* Info.plist */ = {isa = PBXFileReference; lastKnownFileType = text.plist.xml; path = Info.plist; sourceTree = "<group>"; };
/* End PBXFileReference section */

/* Begin PBXFrameworksBuildPhase section */
		C60C26151DC557DF00A6EE4E /* Frameworks */ = {
			isa = PBXFrameworksBuildPhase;
			buildActionMask = 2147483647;
			files = (
			);
			runOnlyForDeploymentPostprocessing = 0;
		};
/* End PBXFrameworksBuildPhase section */

/* Begin PBXGroup section */
		C60C260F1DC557DF00A6EE4E = {
			isa = PBXGroup;
			children = (
				C60C261A1DC557DF00A6EE4E /* meal_finder */,
				C60C26191DC557DF00A6EE4E /* Products */,
			);
			sourceTree = "<group>";
		};
		C60C26191DC557DF00A6EE4E /* Products */ = {
			isa = PBXGroup;
			children = (
				C60C26181DC557DF00A6EE4E /* meal_finder.app */,
			);
			name = Products;
			sourceTree = "<group>";
		};
		C60C261A1DC557DF00A6EE4E /* meal_finder */ = {
			isa = PBXGroup;
			children = (
				C60C261B1DC557DF00A6EE4E /* AppDelegate.swift */,
				C60C261D1DC557DF00A6EE4E /* ViewController.swift */,
				C60C261F1DC557DF00A6EE4E /* Main.storyboard */,
				C60C26221DC557DF00A6EE4E /* Assets.xcassets */,
				C60C26241DC557E000A6EE4E /* LaunchScreen.storyboard */,
				C60C26271DC557E000A6EE4E /* Info.plist */,
			);
			path = meal_finder;
			sourceTree = "<group>";
		};
/* End PBXGroup section */

/* Begin PBXNativeTarget section */
		C60C26171DC557DF00A6EE4E /* meal_finder */ = {
			isa = PBXNativeTarget;
			buildConfigurationList = C60C262A1DC557E000A6EE4E /* Build configuration list for PBXNativeTarget "meal_finder" */;
			buildPhases = (
				C60C26141DC557DF00A6EE4E /* Sources */,
				C60C26151DC557DF00A6EE4E /* Frameworks */,
				C60C26161DC557DF00A6EE4E /* Resources */,
			);
			buildRules = (
			);
			dependencies = (
			);
			name = meal_finder;
			productName = meal_finder;
			productReference = C60C26181DC557DF00A6EE4E /* meal_finder.app */;
			productType = "com.apple.product-type.application";
		};
/* End PBXNativeTarget section */

/* Begin PBXProject section */
		C60C26101DC557DF00A6EE4E /* Project object */ = {
			isa = PBXProject;
			attributes = {
				LastSwiftUpdateCheck = 0800;
				LastUpgradeCheck = 0800;
				ORGANIZATIONNAME = "Bartholomew Krystman";
				TargetAttributes = {
					C60C26171DC557DF00A6EE4E = {
						CreatedOnToolsVersion = 8.0;
						ProvisioningStyle = Automatic;
					};
				};
			};
			buildConfigurationList = C60C26131DC557DF00A6EE4E /* Build configuration list for PBXProject "meal_finder" */;
			compatibilityVersion = "Xcode 3.2";
			developmentRegion = English;
			hasScannedForEncodings = 0;
			knownRegions = (
				en,
				Base,
			);
			mainGroup = C60C260F1DC557DF00A6EE4E;
			productRefGroup = C60C26191DC557DF00A6EE4E /* Products */;
			projectDirPath = "";
			projectRoot = "";
			targets = (
				C60C26171DC557DF00A6EE4E /* meal_finder */,
			);
		};
/* End PBXProject section */

/* Begin PBXResourcesBuildPhase section */
		C60C26161DC557DF00A6EE4E /* Resources */ = {
			isa = PBXResourcesBuildPhase;
			buildActionMask = 2147483647;
			files = (
				C60C26261DC557E000A6EE4E /* LaunchScreen.storyboard in Resources */,
				C60C26231DC557DF00A6EE4E /* Assets.xcassets in Resources */,
				C60C26211DC557DF00A6EE4E /* Main.storyboard in Resources */,
			);
			runOnlyForDeploymentPostprocessing = 0;
		};
/* End PBXResourcesBuildPhase section */

/* Begin PBXSourcesBuildPhase section */
		C60C26141DC557DF00A6EE4E /* Sources */ = {
			isa = PBXSourcesBuildPhase;
			buildActionMask = 2147483647;
			files = (
				C60C261E1DC557DF00A6EE4E /* ViewController.swift in Sources */,
				C60C261C1DC557DF00A6EE4E /* AppDelegate.swift in Sources */,
			);
			runOnlyForDeploymentPostprocessing = 0;
		};
/* End PBXSourcesBuildPhase section */

/* Begin PBXVariantGroup section */
		C60C261F1DC557DF00A6EE4E /* Main.storyboard */ = {
			isa = PBXVariantGroup;
			children = (
				C60C26201DC557DF00A6EE4E /* Base */,
			);
			name = Main.storyboard;
			sourceTree = "<group>";
		};
		C60C26241DC557E000A6EE4E /* LaunchScreen.storyboard */ = {
			isa = PBXVariantGroup;
			children = (
				C60C26251DC557E000A6EE4E /* Base */,
			);
			name = LaunchScreen.storyboard;
			sourceTree = "<group>";
		};
/* End PBXVariantGroup section */

/* Begin XCBuildConfiguration section */
		C60C26281DC557E000A6EE4E /* Debug */ = {
			isa = XCBuildConfiguration;
			buildSettings = {
				ALWAYS_SEARCH_USER_PATHS = NO;
				CLANG_ANALYZER_NONNULL = YES;
				CLANG_CXX_LANGUAGE_STANDARD = "gnu++0x";
				CLANG_CXX_LIBRARY = "libc++";
				CLANG_ENABLE_MODULES = YES;
				CLANG_ENABLE_OBJC_ARC = YES;
				CLANG_WARN_BOOL_CONVERSION = YES;
				CLANG_WARN_CONSTANT_CONVERSION = YES;
				CLANG_WARN_DIRECT_OBJC_ISA_USAGE = YES_ERROR;
				CLANG_WARN_DOCUMENTATION_COMMENTS = YES;
				CLANG_WARN_EMPTY_BODY = YES;
				CLANG_WARN_ENUM_CONVERSION = YES;
				CLANG_WARN_INFINITE_RECURSION = YES;
				CLANG_WARN_INT_CONVERSION = YES;
				CLANG_WARN_OBJC_ROOT_CLASS = YES_ERROR;
				CLANG_WARN_SUSPICIOUS_MOVES = YES;
				CLANG_WARN_UNREACHABLE_CODE = YES;
				CLANG_WARN__DUPLICATE_METHOD_MATCH = YES;
				"CODE_SIGN_IDENTITY[sdk=iphoneos*]" = "iPhone Developer";
				COPY_PHASE_STRIP = NO;
				DEBUG_INFORMATION_FORMAT = dwarf;
				ENABLE_STRICT_OBJC_MSGSEND = YES;
				ENABLE_TESTABILITY = YES;
				GCC_C_LANGUAGE_STANDARD = gnu99;
				GCC_DYNAMIC_NO_PIC = NO;
				GCC_NO_COMMON_BLOCKS = YES;
				GCC_OPTIMIZATION_LEVEL = 0;
				GCC_PREPROCESSOR_DEFINITIONS = (
					"DEBUG=1",
					"$(inherited)",
				);
				GCC_WARN_64_TO_32_BIT_CONVERSION = YES;
				GCC_WARN_ABOUT_RETURN_TYPE = YES_ERROR;
				GCC_WARN_UNDECLARED_SELECTOR = YES;
				GCC_WARN_UNINITIALIZED_AUTOS = YES_AGGRESSIVE;
				GCC_WARN_UNUSED_FUNCTION = YES;
				GCC_WARN_UNUSED_VARIABLE = YES;
				IPHONEOS_DEPLOYMENT_TARGET = 10.0;
				MTL_ENABLE_DEBUG_INFO = YES;
				ONLY_ACTIVE_ARCH = YES;
				SDKROOT = iphoneos;
				SWIFT_ACTIVE_COMPILATION_CONDITIONS = DEBUG;
				SWIFT_OPTIMIZATION_LEVEL = "-Onone";
				TARGETED_DEVICE_FAMILY = "1,2";
			};
			name = Debug;
		};
		C60C26291DC557E000A6EE4E /* Release */ = {
			isa = XCBuildConfiguration;
			buildSettings = {
				ALWAYS_SEARCH_USER_PATHS = NO;
				CLANG_ANALYZER_NONNULL = YES;
				CLANG_CXX_LANGUAGE_STANDARD = "gnu++0x";
				CLANG_CXX_LIBRARY = "libc++";
				CLANG_ENABLE_MODULES = YES;
				CLANG_ENABLE_OBJC_ARC = YES;
				CLANG_WARN_BOOL_CONVERSION = YES;
				CLANG_WARN_CONSTANT_CONVERSION = YES;
				CLANG_WARN_DIRECT_OBJC_ISA_USAGE = YES_ERROR;
				CLANG_WARN_DOCUMENTATION_COMMENTS = YES;
				CLANG_WARN_EMPTY_BODY = YES;
				CLANG_WARN_ENUM_CONVERSION = YES;
				CLANG_WARN_INFINITE_RECURSION = YES;
				CLANG_WARN_INT_CONVERSION = YES;
				CLANG_WARN_OBJC_ROOT_CLASS = YES_ERROR;
				CLANG_WARN_SUSPICIOUS_MOVES = YES;
				CLANG_WARN_UNREACHABLE_CODE = YES;
				CLANG_WARN__DUPLICATE_METHOD_MATCH = YES;
				"CODE_SIGN_IDENTITY[sdk=iphoneos*]" = "iPhone Developer";
				COPY_PHASE_STRIP = NO;
				DEBUG_INFORMATION_FORMAT = "dwarf-with-dsym";
				ENABLE_NS_ASSERTIONS = NO;
				ENABLE_STRICT_OBJC_MSGSEND = YES;
				GCC_C_LANGUAGE_STANDARD = gnu99;
				GCC_NO_COMMON_BLOCKS = YES;
				GCC_WARN_64_TO_32_BIT_CONVERSION = YES;
				GCC_WARN_ABOUT_RETURN_TYPE = YES_ERROR;
				GCC_WARN_UNDECLARED_SELECTOR = YES;
				GCC_WARN_UNINITIALIZED_AUTOS = YES_AGGRESSIVE;
				GCC_WARN_UNUSED_FUNCTION = YES;
				GCC_WARN_UNUSED_VARIABLE = YES;
				IPHONEOS_DEPLOYMENT_TARGET = 10.0;
				MTL_ENABLE_DEBUG_INFO = NO;
				SDKROOT = iphoneos;
				SWIFT_OPTIMIZATION_LEVEL = "-Owholemodule";
				TARGETED_DEVICE_FAMILY = "1,2";
				VALIDATE_PRODUCT = YES;
			};
			name = Release;
		};
		C60C262B1DC557E000A6EE4E /* Debug */ = {
			isa = XCBuildConfiguration;
			buildSettings = {
				ASSETCATALOG_COMPILER_APPICON_NAME = AppIcon;
				INFOPLIST_FILE = meal_finder/Info.plist;
				LD_RUNPATH_SEARCH_PATHS = "$(inherited) @executable_path/Frameworks";
				PRODUCT_BUNDLE_IDENTIFIER = "com.rootapps.meal-finder";
				PRODUCT_NAME = "$(TARGET_NAME)";
				SWIFT_VERSION = 3.0;
			};
			name = Debug;
		};
		C60C262C1DC557E000A6EE4E /* Release */ = {
			isa = XCBuildConfiguration;
			buildSettings = {
				ASSETCATALOG_COMPILER_APPICON_NAME = AppIcon;
				INFOPLIST_FILE = meal_finder/Info.plist;
				LD_RUNPATH_SEARCH_PATHS = "$(inherited) @executable_path/Frameworks";
				PRODUCT_BUNDLE_IDENTIFIER = "com.rootapps.meal-finder";
				PRODUCT_NAME = "$(TARGET_NAME)";
				SWIFT_VERSION = 3.0;
			};
			name = Release;
		};
/* End XCBuildConfiguration section */

/* Begin XCConfigurationList section */
		C60C26131DC557DF00A6EE4E /* Build configuration list for PBXProject "meal_finder" */ = {
			isa = XCConfigurationList;
			buildConfigurations = (
				C60C26281DC557E000A6EE4E /* Debug */,
				C60C26291DC557E000A6EE4E /* Release */,
			);
			defaultConfigurationIsVisible = 0;
			defaultConfigurationName = Release;
		};
		C60C262A1DC557E000A6EE4E /* Build configuration list for PBXNativeTarget "meal_finder" */ = {
			isa = XCConfigurationList;
			buildConfigurations = (
				C60C262B1DC557E000A6EE4E /* Debug */,
				C60C262C1DC557E000A6EE4E /* Release */,
			);
			defaultConfigurationIsVisible = 0;
		};
/* End XCConfigurationList section */
	};
	rootObject = C60C26101DC557DF00A6EE4E /* Project object */;
}
