// !$*UTF8*$!
{
	archiveVersion = 1;
	classes = {
	};
	objectVersion = 46;
	objects = {

/* Begin PBXBuildFile section */
		5EEA0E0F4CE613F0B028D5FF /* Pods_meal_finder.framework in Frameworks */ = {isa = PBXBuildFile; fileRef = 849644BA4245243C6CEF6A0B /* Pods_meal_finder.framework */; };
		C60C261C1DC557DF00A6EE4E /* AppDelegate.swift in Sources */ = {isa = PBXBuildFile; fileRef = C60C261B1DC557DF00A6EE4E /* AppDelegate.swift */; };
		C60C261E1DC557DF00A6EE4E /* ViewController.swift in Sources */ = {isa = PBXBuildFile; fileRef = C60C261D1DC557DF00A6EE4E /* ViewController.swift */; };
		C60C26211DC557DF00A6EE4E /* Main.storyboard in Resources */ = {isa = PBXBuildFile; fileRef = C60C261F1DC557DF00A6EE4E /* Main.storyboard */; };
		C60C26231DC557DF00A6EE4E /* Assets.xcassets in Resources */ = {isa = PBXBuildFile; fileRef = C60C26221DC557DF00A6EE4E /* Assets.xcassets */; };
		C60C26261DC557E000A6EE4E /* LaunchScreen.storyboard in Resources */ = {isa = PBXBuildFile; fileRef = C60C26241DC557E000A6EE4E /* LaunchScreen.storyboard */; };
		C60C262E1DC55DCD00A6EE4E /* GoogleService-Info.plist in Resources */ = {isa = PBXBuildFile; fileRef = C60C262D1DC55DCD00A6EE4E /* GoogleService-Info.plist */; };
		C65A4AF41DC7AE6400E2D635 /* AlamoGet.swift in Sources */ = {isa = PBXBuildFile; fileRef = C65A4AF31DC7AE6400E2D635 /* AlamoGet.swift */; };
		C65A4AF61DC7AEAA00E2D635 /* Constants.swift in Sources */ = {isa = PBXBuildFile; fileRef = C65A4AF51DC7AEAA00E2D635 /* Constants.swift */; };
		C6E70EF91DC7BD9C007E6D7A /* SwiftyJSON.framework in Frameworks */ = {isa = PBXBuildFile; fileRef = C6E70EF71DC7BCC5007E6D7A /* SwiftyJSON.framework */; };
/* End PBXBuildFile section */

/* Begin PBXFileReference section */
		82F512B361CED76B7D02DA9D /* Pods-meal_finder.debug.xcconfig */ = {isa = PBXFileReference; includeInIndex = 1; lastKnownFileType = text.xcconfig; name = "Pods-meal_finder.debug.xcconfig"; path = "Pods/Target Support Files/Pods-meal_finder/Pods-meal_finder.debug.xcconfig"; sourceTree = "<group>"; };
		849644BA4245243C6CEF6A0B /* Pods_meal_finder.framework */ = {isa = PBXFileReference; explicitFileType = wrapper.framework; includeInIndex = 0; path = Pods_meal_finder.framework; sourceTree = BUILT_PRODUCTS_DIR; };
		93A995FBEB3BF994382C9EAE /* Pods-meal_finder.release.xcconfig */ = {isa = PBXFileReference; includeInIndex = 1; lastKnownFileType = text.xcconfig; name = "Pods-meal_finder.release.xcconfig"; path = "Pods/Target Support Files/Pods-meal_finder/Pods-meal_finder.release.xcconfig"; sourceTree = "<group>"; };
		C60C26181DC557DF00A6EE4E /* meal_finder.app */ = {isa = PBXFileReference; explicitFileType = wrapper.application; includeInIndex = 0; path = meal_finder.app; sourceTree = BUILT_PRODUCTS_DIR; };
		C60C261B1DC557DF00A6EE4E /* AppDelegate.swift */ = {isa = PBXFileReference; lastKnownFileType = sourcecode.swift; path = AppDelegate.swift; sourceTree = "<group>"; };
		C60C261D1DC557DF00A6EE4E /* ViewController.swift */ = {isa = PBXFileReference; lastKnownFileType = sourcecode.swift; path = ViewController.swift; sourceTree = "<group>"; };
		C60C26201DC557DF00A6EE4E /* Base */ = {isa = PBXFileReference; lastKnownFileType = file.storyboard; name = Base; path = Base.lproj/Main.storyboard; sourceTree = "<group>"; };
		C60C26221DC557DF00A6EE4E /* Assets.xcassets */ = {isa = PBXFileReference; lastKnownFileType = folder.assetcatalog; path = Assets.xcassets; sourceTree = "<group>"; };
		C60C26251DC557E000A6EE4E /* Base */ = {isa = PBXFileReference; lastKnownFileType = file.storyboard; name = Base; path = Base.lproj/LaunchScreen.storyboard; sourceTree = "<group>"; };
		C60C26271DC557E000A6EE4E /* Info.plist */ = {isa = PBXFileReference; lastKnownFileType = text.plist.xml; path = Info.plist; sourceTree = "<group>"; };
		C60C262D1DC55DCD00A6EE4E /* GoogleService-Info.plist */ = {isa = PBXFileReference; fileEncoding = 4; lastKnownFileType = text.plist.xml; path = "GoogleService-Info.plist"; sourceTree = "<group>"; };
		C65A4AF31DC7AE6400E2D635 /* AlamoGet.swift */ = {isa = PBXFileReference; fileEncoding = 4; lastKnownFileType = sourcecode.swift; path = AlamoGet.swift; sourceTree = "<group>"; };
		C65A4AF51DC7AEAA00E2D635 /* Constants.swift */ = {isa = PBXFileReference; fileEncoding = 4; lastKnownFileType = sourcecode.swift; path = Constants.swift; sourceTree = "<group>"; };
		C6E70EF71DC7BCC5007E6D7A /* SwiftyJSON.framework */ = {isa = PBXFileReference; lastKnownFileType = wrapper.framework; name = SwiftyJSON.framework; path = "../../../../Library/Developer/Xcode/DerivedData/meal_finder-aflifclfdvfhipglrusngciqjiia/Build/Products/Debug-iphonesimulator/SwiftyJSON/SwiftyJSON.framework"; sourceTree = "<group>"; };
/* End PBXFileReference section */

/* Begin PBXFrameworksBuildPhase section */
		C60C26151DC557DF00A6EE4E /* Frameworks */ = {
			isa = PBXFrameworksBuildPhase;
			buildActionMask = 2147483647;
			files = (
				C6E70EF91DC7BD9C007E6D7A /* SwiftyJSON.framework in Frameworks */,
				5EEA0E0F4CE613F0B028D5FF /* Pods_meal_finder.framework in Frameworks */,
			);
			runOnlyForDeploymentPostprocessing = 0;
		};
/* End PBXFrameworksBuildPhase section */

/* Begin PBXGroup section */
		74A064AA4AC6F365E55DA09D /* Pods */ = {
			isa = PBXGroup;
			children = (
				82F512B361CED76B7D02DA9D /* Pods-meal_finder.debug.xcconfig */,
				93A995FBEB3BF994382C9EAE /* Pods-meal_finder.release.xcconfig */,
			);
			name = Pods;
			sourceTree = "<group>";
		};
		AED9748ED0E20247D555FBB2 /* Frameworks */ = {
			isa = PBXGroup;
			children = (
				C6E70EF71DC7BCC5007E6D7A /* SwiftyJSON.framework */,
				849644BA4245243C6CEF6A0B /* Pods_meal_finder.framework */,
			);
			name = Frameworks;
			sourceTree = "<group>";
		};
		C60C260F1DC557DF00A6EE4E = {
			isa = PBXGroup;
			children = (
				C60C261A1DC557DF00A6EE4E /* meal_finder */,
				C60C26191DC557DF00A6EE4E /* Products */,
				74A064AA4AC6F365E55DA09D /* Pods */,
				AED9748ED0E20247D555FBB2 /* Frameworks */,
			);
			sourceTree = "<group>";
		};
		C60C26191DC557DF00A6EE4E /* Products */ = {
			isa = PBXGroup;
			children = (
				C60C26181DC557DF00A6EE4E /* meal_finder.app */,
			);
			name = Products;
			sourceTree = "<group>";
		};
		C60C261A1DC557DF00A6EE4E /* meal_finder */ = {
			isa = PBXGroup;
			children = (
				C60C261B1DC557DF00A6EE4E /* AppDelegate.swift */,
				C60C261D1DC557DF00A6EE4E /* ViewController.swift */,
				C60C261F1DC557DF00A6EE4E /* Main.storyboard */,
				C60C26221DC557DF00A6EE4E /* Assets.xcassets */,
				C60C26241DC557E000A6EE4E /* LaunchScreen.storyboard */,
				C60C26271DC557E000A6EE4E /* Info.plist */,
				C60C262D1DC55DCD00A6EE4E /* GoogleService-Info.plist */,
				C65A4AF31DC7AE6400E2D635 /* AlamoGet.swift */,
				C65A4AF51DC7AEAA00E2D635 /* Constants.swift */,
			);
			path = meal_finder;
			sourceTree = "<group>";
		};
/* End PBXGroup section */

/* Begin PBXNativeTarget section */
		C60C26171DC557DF00A6EE4E /* meal_finder */ = {
			isa = PBXNativeTarget;
			buildConfigurationList = C60C262A1DC557E000A6EE4E /* Build configuration list for PBXNativeTarget "meal_finder" */;
			buildPhases = (
				480FFA98718C47EAC90974C4 /* [CP] Check Pods Manifest.lock */,
				C60C26141DC557DF00A6EE4E /* Sources */,
				C60C26151DC557DF00A6EE4E /* Frameworks */,
				C60C26161DC557DF00A6EE4E /* Resources */,
				757002321A8AE012B5864B5D /* [CP] Embed Pods Frameworks */,
				A8F700D550DB10167B5778EB /* [CP] Copy Pods Resources */,
			);
			buildRules = (
			);
			dependencies = (
			);
			name = meal_finder;
			productName = meal_finder;
			productReference = C60C26181DC557DF00A6EE4E /* meal_finder.app */;
			productType = "com.apple.product-type.application";
		};
/* End PBXNativeTarget section */

/* Begin PBXProject section */
		C60C26101DC557DF00A6EE4E /* Project object */ = {
			isa = PBXProject;
			attributes = {
				LastSwiftUpdateCheck = 0800;
				LastUpgradeCheck = 0800;
				ORGANIZATIONNAME = "Bartholomew Krystman";
				TargetAttributes = {
					C60C26171DC557DF00A6EE4E = {
						CreatedOnToolsVersion = 8.0;
						ProvisioningStyle = Automatic;
					};
				};
			};
			buildConfigurationList = C60C26131DC557DF00A6EE4E /* Build configuration list for PBXProject "meal_finder" */;
			compatibilityVersion = "Xcode 3.2";
			developmentRegion = English;
			hasScannedForEncodings = 0;
			knownRegions = (
				en,
				Base,
			);
			mainGroup = C60C260F1DC557DF00A6EE4E;
			productRefGroup = C60C26191DC557DF00A6EE4E /* Products */;
			projectDirPath = "";
			projectRoot = "";
			targets = (
				C60C26171DC557DF00A6EE4E /* meal_finder */,
			);
		};
/* End PBXProject section */

/* Begin PBXResourcesBuildPhase section */
		C60C26161DC557DF00A6EE4E /* Resources */ = {
			isa = PBXResourcesBuildPhase;
			buildActionMask = 2147483647;
			files = (
				C60C26261DC557E000A6EE4E /* LaunchScreen.storyboard in Resources */,
				C60C262E1DC55DCD00A6EE4E /* GoogleService-Info.plist in Resources */,
				C60C26231DC557DF00A6EE4E /* Assets.xcassets in Resources */,
				C60C26211DC557DF00A6EE4E /* Main.storyboard in Resources */,
			);
			runOnlyForDeploymentPostprocessing = 0;
		};
/* End PBXResourcesBuildPhase section */

/* Begin PBXShellScriptBuildPhase section */
		480FFA98718C47EAC90974C4 /* [CP] Check Pods Manifest.lock */ = {
			isa = PBXShellScriptBuildPhase;
			buildActionMask = 2147483647;
			files = (
			);
			inputPaths = (
			);
			name = "[CP] Check Pods Manifest.lock";
			outputPaths = (
			);
			runOnlyForDeploymentPostprocessing = 0;
			shellPath = /bin/sh;
			shellScript = "diff \"${PODS_ROOT}/../Podfile.lock\" \"${PODS_ROOT}/Manifest.lock\" > /dev/null\nif [ $? != 0 ] ; then\n    # print error to STDERR\n    echo \"error: The sandbox is not in sync with the Podfile.lock. Run 'pod install' or update your CocoaPods installation.\" >&2\n    exit 1\nfi\n";
			showEnvVarsInLog = 0;
		};
		757002321A8AE012B5864B5D /* [CP] Embed Pods Frameworks */ = {
			isa = PBXShellScriptBuildPhase;
			buildActionMask = 2147483647;
			files = (
			);
			inputPaths = (
			);
			name = "[CP] Embed Pods Frameworks";
			outputPaths = (
			);
			runOnlyForDeploymentPostprocessing = 0;
			shellPath = /bin/sh;
			shellScript = "\"${SRCROOT}/Pods/Target Support Files/Pods-meal_finder/Pods-meal_finder-frameworks.sh\"\n";
			showEnvVarsInLog = 0;
		};
		A8F700D550DB10167B5778EB /* [CP] Copy Pods Resources */ = {
			isa = PBXShellScriptBuildPhase;
			buildActionMask = 2147483647;
			files = (
			);
			inputPaths = (
			);
			name = "[CP] Copy Pods Resources";
			outputPaths = (
			);
			runOnlyForDeploymentPostprocessing = 0;
			shellPath = /bin/sh;
			shellScript = "\"${SRCROOT}/Pods/Target Support Files/Pods-meal_finder/Pods-meal_finder-resources.sh\"\n";
			showEnvVarsInLog = 0;
		};
/* End PBXShellScriptBuildPhase section */

/* Begin PBXSourcesBuildPhase section */
		C60C26141DC557DF00A6EE4E /* Sources */ = {
			isa = PBXSourcesBuildPhase;
			buildActionMask = 2147483647;
			files = (
				C65A4AF41DC7AE6400E2D635 /* AlamoGet.swift in Sources */,
				C60C261E1DC557DF00A6EE4E /* ViewController.swift in Sources */,
				C60C261C1DC557DF00A6EE4E /* AppDelegate.swift in Sources */,
				C65A4AF61DC7AEAA00E2D635 /* Constants.swift in Sources */,
			);
			runOnlyForDeploymentPostprocessing = 0;
		};
/* End PBXSourcesBuildPhase section */

/* Begin PBXVariantGroup section */
		C60C261F1DC557DF00A6EE4E /* Main.storyboard */ = {
			isa = PBXVariantGroup;
			children = (
				C60C26201DC557DF00A6EE4E /* Base */,
			);
			name = Main.storyboard;
			sourceTree = "<group>";
		};
		C60C26241DC557E000A6EE4E /* LaunchScreen.storyboard */ = {
			isa = PBXVariantGroup;
			children = (
				C60C26251DC557E000A6EE4E /* Base */,
			);
			name = LaunchScreen.storyboard;
			sourceTree = "<group>";
		};
/* End PBXVariantGroup section */

/* Begin XCBuildConfiguration section */
		C60C26281DC557E000A6EE4E /* Debug */ = {
			isa = XCBuildConfiguration;
			buildSettings = {
				ALWAYS_SEARCH_USER_PATHS = NO;
				CLANG_ANALYZER_NONNULL = YES;
				CLANG_CXX_LANGUAGE_STANDARD = "gnu++0x";
				CLANG_CXX_LIBRARY = "libc++";
				CLANG_ENABLE_MODULES = YES;
				CLANG_ENABLE_OBJC_ARC = YES;
				CLANG_WARN_BOOL_CONVERSION = YES;
				CLANG_WARN_CONSTANT_CONVERSION = YES;
				CLANG_WARN_DIRECT_OBJC_ISA_USAGE = YES_ERROR;
				CLANG_WARN_DOCUMENTATION_COMMENTS = YES;
				CLANG_WARN_EMPTY_BODY = YES;
				CLANG_WARN_ENUM_CONVERSION = YES;
				CLANG_WARN_INFINITE_RECURSION = YES;
				CLANG_WARN_INT_CONVERSION = YES;
				CLANG_WARN_OBJC_ROOT_CLASS = YES_ERROR;
				CLANG_WARN_SUSPICIOUS_MOVES = YES;
				CLANG_WARN_UNREACHABLE_CODE = YES;
				CLANG_WARN__DUPLICATE_METHOD_MATCH = YES;
				"CODE_SIGN_IDENTITY[sdk=iphoneos*]" = "iPhone Developer";
				COPY_PHASE_STRIP = NO;
				DEBUG_INFORMATION_FORMAT = dwarf;
				ENABLE_STRICT_OBJC_MSGSEND = YES;
				ENABLE_TESTABILITY = YES;
				GCC_C_LANGUAGE_STANDARD = gnu99;
				GCC_DYNAMIC_NO_PIC = NO;
				GCC_NO_COMMON_BLOCKS = YES;
				GCC_OPTIMIZATION_LEVEL = 0;
				GCC_PREPROCESSOR_DEFINITIONS = (
					"DEBUG=1",
					"$(inherited)",
				);
				GCC_WARN_64_TO_32_BIT_CONVERSION = YES;
				GCC_WARN_ABOUT_RETURN_TYPE = YES_ERROR;
				GCC_WARN_UNDECLARED_SELECTOR = YES;
				GCC_WARN_UNINITIALIZED_AUTOS = YES_AGGRESSIVE;
				GCC_WARN_UNUSED_FUNCTION = YES;
				GCC_WARN_UNUSED_VARIABLE = YES;
				IPHONEOS_DEPLOYMENT_TARGET = 10.0;
				MTL_ENABLE_DEBUG_INFO = YES;
				ONLY_ACTIVE_ARCH = YES;
				SDKROOT = iphoneos;
				SWIFT_ACTIVE_COMPILATION_CONDITIONS = DEBUG;
				SWIFT_OPTIMIZATION_LEVEL = "-Onone";
				TARGETED_DEVICE_FAMILY = "1,2";
			};
			name = Debug;
		};
		C60C26291DC557E000A6EE4E /* Release */ = {
			isa = XCBuildConfiguration;
			buildSettings = {
				ALWAYS_SEARCH_USER_PATHS = NO;
				CLANG_ANALYZER_NONNULL = YES;
				CLANG_CXX_LANGUAGE_STANDARD = "gnu++0x";
				CLANG_CXX_LIBRARY = "libc++";
				CLANG_ENABLE_MODULES = YES;
				CLANG_ENABLE_OBJC_ARC = YES;
				CLANG_WARN_BOOL_CONVERSION = YES;
				CLANG_WARN_CONSTANT_CONVERSION = YES;
				CLANG_WARN_DIRECT_OBJC_ISA_USAGE = YES_ERROR;
				CLANG_WARN_DOCUMENTATION_COMMENTS = YES;
				CLANG_WARN_EMPTY_BODY = YES;
				CLANG_WARN_ENUM_CONVERSION = YES;
				CLANG_WARN_INFINITE_RECURSION = YES;
				CLANG_WARN_INT_CONVERSION = YES;
				CLANG_WARN_OBJC_ROOT_CLASS = YES_ERROR;
				CLANG_WARN_SUSPICIOUS_MOVES = YES;
				CLANG_WARN_UNREACHABLE_CODE = YES;
				CLANG_WARN__DUPLICATE_METHOD_MATCH = YES;
				"CODE_SIGN_IDENTITY[sdk=iphoneos*]" = "iPhone Developer";
				COPY_PHASE_STRIP = NO;
				DEBUG_INFORMATION_FORMAT = "dwarf-with-dsym";
				ENABLE_NS_ASSERTIONS = NO;
				ENABLE_STRICT_OBJC_MSGSEND = YES;
				GCC_C_LANGUAGE_STANDARD = gnu99;
				GCC_NO_COMMON_BLOCKS = YES;
				GCC_WARN_64_TO_32_BIT_CONVERSION = YES;
				GCC_WARN_ABOUT_RETURN_TYPE = YES_ERROR;
				GCC_WARN_UNDECLARED_SELECTOR = YES;
				GCC_WARN_UNINITIALIZED_AUTOS = YES_AGGRESSIVE;
				GCC_WARN_UNUSED_FUNCTION = YES;
				GCC_WARN_UNUSED_VARIABLE = YES;
				IPHONEOS_DEPLOYMENT_TARGET = 10.0;
				MTL_ENABLE_DEBUG_INFO = NO;
				SDKROOT = iphoneos;
				SWIFT_OPTIMIZATION_LEVEL = "-Owholemodule";
				TARGETED_DEVICE_FAMILY = "1,2";
				VALIDATE_PRODUCT = YES;
			};
			name = Release;
		};
		C60C262B1DC557E000A6EE4E /* Debug */ = {
			isa = XCBuildConfiguration;
			baseConfigurationReference = 82F512B361CED76B7D02DA9D /* Pods-meal_finder.debug.xcconfig */;
			buildSettings = {
				ASSETCATALOG_COMPILER_APPICON_NAME = AppIcon;
				INFOPLIST_FILE = meal_finder/Info.plist;
				LD_RUNPATH_SEARCH_PATHS = "$(inherited) @executable_path/Frameworks";
				PRODUCT_BUNDLE_IDENTIFIER = "com.rootapps.meal-finder";
				PRODUCT_NAME = "$(TARGET_NAME)";
				SWIFT_VERSION = 3.0;
			};
			name = Debug;
		};
		C60C262C1DC557E000A6EE4E /* Release */ = {
			isa = XCBuildConfiguration;
			baseConfigurationReference = 93A995FBEB3BF994382C9EAE /* Pods-meal_finder.release.xcconfig */;
			buildSettings = {
				ASSETCATALOG_COMPILER_APPICON_NAME = AppIcon;
				INFOPLIST_FILE = meal_finder/Info.plist;
				LD_RUNPATH_SEARCH_PATHS = "$(inherited) @executable_path/Frameworks";
				PRODUCT_BUNDLE_IDENTIFIER = "com.rootapps.meal-finder";
				PRODUCT_NAME = "$(TARGET_NAME)";
				SWIFT_VERSION = 3.0;
			};
			name = Release;
		};
/* End XCBuildConfiguration section */

/* Begin XCConfigurationList section */
		C60C26131DC557DF00A6EE4E /* Build configuration list for PBXProject "meal_finder" */ = {
			isa = XCConfigurationList;
			buildConfigurations = (
				C60C26281DC557E000A6EE4E /* Debug */,
				C60C26291DC557E000A6EE4E /* Release */,
			);
			defaultConfigurationIsVisible = 0;
			defaultConfigurationName = Release;
		};
		C60C262A1DC557E000A6EE4E /* Build configuration list for PBXNativeTarget "meal_finder" */ = {
			isa = XCConfigurationList;
			buildConfigurations = (
				C60C262B1DC557E000A6EE4E /* Debug */,
				C60C262C1DC557E000A6EE4E /* Release */,
			);
			defaultConfigurationIsVisible = 0;
			defaultConfigurationName = Release;
		};
/* End XCConfigurationList section */
	};
	rootObject = C60C26101DC557DF00A6EE4E /* Project object */;
}
